
Microsoft Visual Studio Solution File, Format Version 12.00
# Visual Studio Version 17
VisualStudioVersion = 17.2.32602.215
MinimumVisualStudioVersion = 10.0.40219.1
Project("{FAE04EC0-301F-11D3-BF4B-00C04F79EFBC}") = "Cochera.Windows", "Cochera.Windows\Cochera.Windows.csproj", "{F5394976-4811-4984-9A0B-85B586AAC443}"
EndProject
Project("{FAE04EC0-301F-11D3-BF4B-00C04F79EFBC}") = "Cochera.Servicios", "Cochera.Servicios\Cochera.Servicios.csproj", "{12E89519-F719-43E8-87E5-360F09839866}"
EndProject
Project("{FAE04EC0-301F-11D3-BF4B-00C04F79EFBC}") = "Cochera.Entidades", "Cochera.Entidades\Cochera.Entidades.csproj", "{F744746B-7B98-41A0-BEAA-B7ADFB01F42E}"
EndProject
Project("{FAE04EC0-301F-11D3-BF4B-00C04F79EFBC}") = "Cochera.Datos", "Cochera.Datos\Cochera.Datos.csproj", "{95A34DAC-9D84-4F6D-970D-D56A1795FEC3}"
EndProject
Project("{2150E333-8FDC-42A3-9474-1A3956D46DE8}") = "Script", "Script", "{E6928559-8713-4FB5-B75D-EF8C1A910490}"
	ProjectSection(SolutionItems) = preProject
		C:\Users\Usuario\Desktop\ScriptCochera.sql = C:\Users\Usuario\Desktop\ScriptCochera.sql
	EndProjectSection
EndProject
Global
	GlobalSection(SolutionConfigurationPlatforms) = preSolution
		Debug|Any CPU = Debug|Any CPU
		Release|Any CPU = Release|Any CPU
	EndGlobalSection
	GlobalSection(ProjectConfigurationPlatforms) = postSolution
		{F5394976-4811-4984-9A0B-85B586AAC443}.Debug|Any CPU.ActiveCfg = Debug|Any CPU
		{F5394976-4811-4984-9A0B-85B586AAC443}.Debug|Any CPU.Build.0 = Debug|Any CPU
		{F5394976-4811-4984-9A0B-85B586AAC443}.Release|Any CPU.ActiveCfg = Release|Any CPU
		{F5394976-4811-4984-9A0B-85B586AAC443}.Release|Any CPU.Build.0 = Release|Any CPU
		{12E89519-F719-43E8-87E5-360F09839866}.Debug|Any CPU.ActiveCfg = Debug|Any CPU
		{12E89519-F719-43E8-87E5-360F09839866}.Debug|Any CPU.Build.0 = Debug|Any CPU
		{12E89519-F719-43E8-87E5-360F09839866}.Release|Any CPU.ActiveCfg = Release|Any CPU
		{12E89519-F719-43E8-87E5-360F09839866}.Release|Any CPU.Build.0 = Release|Any CPU
		{F744746B-7B98-41A0-BEAA-B7ADFB01F42E}.Debug|Any CPU.ActiveCfg = Debug|Any CPU
		{F744746B-7B98-41A0-BEAA-B7ADFB01F42E}.Debug|Any CPU.Build.0 = Debug|Any CPU
		{F744746B-7B98-41A0-BEAA-B7ADFB01F42E}.Release|Any CPU.ActiveCfg = Release|Any CPU
		{F744746B-7B98-41A0-BEAA-B7ADFB01F42E}.Release|Any CPU.Build.0 = Release|Any CPU
		{95A34DAC-9D84-4F6D-970D-D56A1795FEC3}.Debug|Any CPU.ActiveCfg = Debug|Any CPU
		{95A34DAC-9D84-4F6D-970D-D56A1795FEC3}.Debug|Any CPU.Build.0 = Debug|Any CPU
		{95A34DAC-9D84-4F6D-970D-D56A1795FEC3}.Release|Any CPU.ActiveCfg = Release|Any CPU
		{95A34DAC-9D84-4F6D-970D-D56A1795FEC3}.Release|Any CPU.Build.0 = Release|Any CPU
	EndGlobalSection
	GlobalSection(SolutionProperties) = preSolution
		HideSolutionNode = FALSE
	EndGlobalSection
	GlobalSection(ExtensibilityGlobals) = postSolution
		SolutionGuid = {FE3F2E27-FBD9-4617-9235-88E7F208484E}
	EndGlobalSection
EndGlobal
